// !$*UTF8*$!
{
	archiveVersion = 1;
	classes = {
	};
	objectVersion = 77;
	objects = {

/* Begin PBXBuildFile section */
		634837D52EBE9EDA00A80661 /* Countries in Frameworks */ = {isa = PBXBuildFile; productRef = 634837D42EBE9EDA00A80661 /* Countries */; };
		634837D72EBE9EE300A80661 /* CommonUIComponents in Frameworks */ = {isa = PBXBuildFile; productRef = 634837D62EBE9EE300A80661 /* CommonUIComponents */; };
		634837D92EBE9EEC00A80661 /* Networking in Frameworks */ = {isa = PBXBuildFile; productRef = 634837D82EBE9EEC00A80661 /* Networking */; };
		634837DC2EBEA08000A80661 /* Networking in Frameworks */ = {isa = PBXBuildFile; productRef = 634837DB2EBEA08000A80661 /* Networking */; };
		634837DF2EBEA09100A80661 /* Countries in Frameworks */ = {isa = PBXBuildFile; productRef = 634837DE2EBEA09100A80661 /* Countries */; };
		634837E22EBEA09E00A80661 /* CommonUIComponents in Frameworks */ = {isa = PBXBuildFile; productRef = 634837E12EBEA09E00A80661 /* CommonUIComponents */; };
		6373A3EE2EBE6ABA00856159 /* TinyConstraints in Frameworks */ = {isa = PBXBuildFile; productRef = 6373A3ED2EBE6ABA00856159 /* TinyConstraints */; };
/* End PBXBuildFile section */

/* Begin PBXFileReference section */
		6397FA022EAD48C9004DB9A4 /* Assignment22.app */ = {isa = PBXFileReference; explicitFileType = wrapper.application; includeInIndex = 0; name = Assignment22.app; path = "/Users/gegighvachliani/Desktop/TBCAcademyRepo/Assignment 29/Assignment22/build/Debug-iphoneos/Assignment22.app"; sourceTree = "<absolute>"; };
/* End PBXFileReference section */

/* Begin PBXFileSystemSynchronizedBuildFileExceptionSet section */
		634837D02EBE937B00A80661 /* Exceptions for "Modules" folder in "Assignment22" target */ = {
			isa = PBXFileSystemSynchronizedBuildFileExceptionSet;
			membershipExceptions = (
				CommonUIComponents,
				Countries,
				Networking,
			);
			target = 6397FA012EAD48C9004DB9A4 /* Assignment22 */;
		};
		6397FA142EAD48CB004DB9A4 /* Exceptions for "Assignment22" folder in "Assignment22" target */ = {
			isa = PBXFileSystemSynchronizedBuildFileExceptionSet;
			membershipExceptions = (
				Info.plist,
			);
			target = 6397FA012EAD48C9004DB9A4 /* Assignment22 */;
		};
/* End PBXFileSystemSynchronizedBuildFileExceptionSet section */

/* Begin PBXFileSystemSynchronizedRootGroup section */
		634837CC2EBE930600A80661 /* Modules */ = {
			isa = PBXFileSystemSynchronizedRootGroup;
			exceptions = (
				634837D02EBE937B00A80661 /* Exceptions for "Modules" folder in "Assignment22" target */,
			);
			path = Modules;
			sourceTree = "<group>";
		};
		6397FA042EAD48C9004DB9A4 /* Assignment22 */ = {
			isa = PBXFileSystemSynchronizedRootGroup;
			exceptions = (
				6397FA142EAD48CB004DB9A4 /* Exceptions for "Assignment22" folder in "Assignment22" target */,
			);
			path = Assignment22;
			sourceTree = "<group>";
		};
/* End PBXFileSystemSynchronizedRootGroup section */

/* Begin PBXFrameworksBuildPhase section */
		6397F9FF2EAD48C9004DB9A4 /* Frameworks */ = {
			isa = PBXFrameworksBuildPhase;
			buildActionMask = 2147483647;
			files = (
				6373A3EE2EBE6ABA00856159 /* TinyConstraints in Frameworks */,
				634837DF2EBEA09100A80661 /* Countries in Frameworks */,
				634837D72EBE9EE300A80661 /* CommonUIComponents in Frameworks */,
				634837D92EBE9EEC00A80661 /* Networking in Frameworks */,
				634837DC2EBEA08000A80661 /* Networking in Frameworks */,
				634837D52EBE9EDA00A80661 /* Countries in Frameworks */,
				634837E22EBEA09E00A80661 /* CommonUIComponents in Frameworks */,
			);
			runOnlyForDeploymentPostprocessing = 0;
		};
/* End PBXFrameworksBuildPhase section */

/* Begin PBXGroup section */
		634837D32EBE9EDA00A80661 /* Frameworks */ = {
			isa = PBXGroup;
			children = (
			);
			name = Frameworks;
			sourceTree = "<group>";
		};
		6397F9F92EAD48C9004DB9A4 = {
			isa = PBXGroup;
			children = (
				6397FA042EAD48C9004DB9A4 /* Assignment22 */,
				634837CC2EBE930600A80661 /* Modules */,
				634837D32EBE9EDA00A80661 /* Frameworks */,
			);
			sourceTree = "<group>";
		};
/* End PBXGroup section */

/* Begin PBXNativeTarget section */
		6397FA012EAD48C9004DB9A4 /* Assignment22 */ = {
			isa = PBXNativeTarget;
			buildConfigurationList = 6397FA152EAD48CB004DB9A4 /* Build configuration list for PBXNativeTarget "Assignment22" */;
			buildPhases = (
				6397F9FE2EAD48C9004DB9A4 /* Sources */,
				6397F9FF2EAD48C9004DB9A4 /* Frameworks */,
				6397FA002EAD48C9004DB9A4 /* Resources */,
			);
			buildRules = (
			);
			dependencies = (
			);
			fileSystemSynchronizedGroups = (
				634837CC2EBE930600A80661 /* Modules */,
				6397FA042EAD48C9004DB9A4 /* Assignment22 */,
			);
			name = Assignment22;
			packageProductDependencies = (
				6373A3ED2EBE6ABA00856159 /* TinyConstraints */,
				634837D42EBE9EDA00A80661 /* Countries */,
				634837D62EBE9EE300A80661 /* CommonUIComponents */,
				634837D82EBE9EEC00A80661 /* Networking */,
				634837DB2EBEA08000A80661 /* Networking */,
				634837DE2EBEA09100A80661 /* Countries */,
				634837E12EBEA09E00A80661 /* CommonUIComponents */,
			);
			productName = Assignment22;
			productReference = 6397FA022EAD48C9004DB9A4 /* Assignment22.app */;
			productType = "com.apple.product-type.application";
		};
/* End PBXNativeTarget section */

/* Begin PBXProject section */
		6397F9FA2EAD48C9004DB9A4 /* Project object */ = {
			isa = PBXProject;
			attributes = {
				BuildIndependentTargetsInParallel = 1;
				LastSwiftUpdateCheck = 2600;
				LastUpgradeCheck = 2600;
				TargetAttributes = {
					6397FA012EAD48C9004DB9A4 = {
						CreatedOnToolsVersion = 26.0.1;
					};
				};
			};
			buildConfigurationList = 6397F9FD2EAD48C9004DB9A4 /* Build configuration list for PBXProject "Assignment22" */;
			developmentRegion = en;
			hasScannedForEncodings = 0;
			knownRegions = (
				en,
				Base,
			);
			mainGroup = 6397F9F92EAD48C9004DB9A4;
			minimizedProjectReferenceProxies = 1;
			packageReferences = (
				6373A3EC2EBE6ABA00856159 /* XCRemoteSwiftPackageReference "TinyConstraints" */,
				634837DA2EBEA08000A80661 /* XCLocalSwiftPackageReference "Modules/Networking" */,
				634837DD2EBEA09100A80661 /* XCLocalSwiftPackageReference "Modules/Countries" */,
				634837E02EBEA09E00A80661 /* XCLocalSwiftPackageReference "Modules/CommonUIComponents" */,
			);
			preferredProjectObjectVersion = 77;
			productRefGroup = 6397F9F92EAD48C9004DB9A4;
			projectDirPath = "";
			projectRoot = "";
			targets = (
				6397FA012EAD48C9004DB9A4 /* Assignment22 */,
			);
		};
/* End PBXProject section */

/* Begin PBXResourcesBuildPhase section */
		6397FA002EAD48C9004DB9A4 /* Resources */ = {
			isa = PBXResourcesBuildPhase;
			buildActionMask = 2147483647;
			files = (
			);
			runOnlyForDeploymentPostprocessing = 0;
		};
/* End PBXResourcesBuildPhase section */

/* Begin PBXSourcesBuildPhase section */
		6397F9FE2EAD48C9004DB9A4 /* Sources */ = {
			isa = PBXSourcesBuildPhase;
			buildActionMask = 2147483647;
			files = (
			);
			runOnlyForDeploymentPostprocessing = 0;
		};
/* End PBXSourcesBuildPhase section */

/* Begin XCBuildConfiguration section */
		6397FA162EAD48CB004DB9A4 /* Debug */ = {
			isa = XCBuildConfiguration;
			buildSettings = {
				ASSETCATALOG_COMPILER_APPICON_NAME = AppIcon;
				ASSETCATALOG_COMPILER_GLOBAL_ACCENT_COLOR_NAME = AccentColor;
				CODE_SIGN_STYLE = Automatic;
				CURRENT_PROJECT_VERSION = 1;
				GENERATE_INFOPLIST_FILE = YES;
				INFOPLIST_FILE = Assignment22/Info.plist;
				INFOPLIST_KEY_UIApplicationSupportsIndirectInputEvents = YES;
				INFOPLIST_KEY_UILaunchStoryboardName = LaunchScreen;
				INFOPLIST_KEY_UISupportedInterfaceOrientations_iPad = "UIInterfaceOrientationPortrait UIInterfaceOrientationPortraitUpsideDown UIInterfaceOrientationLandscapeLeft UIInterfaceOrientationLandscapeRight";
				INFOPLIST_KEY_UISupportedInterfaceOrientations_iPhone = "UIInterfaceOrientationPortrait UIInterfaceOrientationLandscapeLeft UIInterfaceOrientationLandscapeRight";
				IPHONEOS_DEPLOYMENT_TARGET = 17.6;
				LD_RUNPATH_SEARCH_PATHS = (
					"$(inherited)",
					"@executable_path/Frameworks",
				);
				MARKETING_VERSION = 1.0;
				PRODUCT_BUNDLE_IDENTIFIER = s.Assignment22;
				PRODUCT_NAME = "$(TARGET_NAME)";
				STRING_CATALOG_GENERATE_SYMBOLS = YES;
				SWIFT_APPROACHABLE_CONCURRENCY = YES;
				SWIFT_DEFAULT_ACTOR_ISOLATION = MainActor;
				SWIFT_EMIT_LOC_STRINGS = YES;
				SWIFT_UPCOMING_FEATURE_MEMBER_IMPORT_VISIBILITY = YES;
				SWIFT_VERSION = 5.0;
				TARGETED_DEVICE_FAMILY = "1,2";
			};
			name = Debug;
		};
		6397FA172EAD48CB004DB9A4 /* Release */ = {
			isa = XCBuildConfiguration;
			buildSettings = {
				ASSETCATALOG_COMPILER_APPICON_NAME = AppIcon;
				ASSETCATALOG_COMPILER_GLOBAL_ACCENT_COLOR_NAME = AccentColor;
				CODE_SIGN_STYLE = Automatic;
				CURRENT_PROJECT_VERSION = 1;
				GENERATE_INFOPLIST_FILE = YES;
				INFOPLIST_FILE = Assignment22/Info.plist;
				INFOPLIST_KEY_UIApplicationSupportsIndirectInputEvents = YES;
				INFOPLIST_KEY_UILaunchStoryboardName = LaunchScreen;
				INFOPLIST_KEY_UISupportedInterfaceOrientations_iPad = "UIInterfaceOrientationPortrait UIInterfaceOrientationPortraitUpsideDown UIInterfaceOrientationLandscapeLeft UIInterfaceOrientationLandscapeRight";
				INFOPLIST_KEY_UISupportedInterfaceOrientations_iPhone = "UIInterfaceOrientationPortrait UIInterfaceOrientationLandscapeLeft UIInterfaceOrientationLandscapeRight";
				IPHONEOS_DEPLOYMENT_TARGET = 17.6;
				LD_RUNPATH_SEARCH_PATHS = (
					"$(inherited)",
					"@executable_path/Frameworks",
				);
				MARKETING_VERSION = 1.0;
				PRODUCT_BUNDLE_IDENTIFIER = s.Assignment22;
				PRODUCT_NAME = "$(TARGET_NAME)";
				STRING_CATALOG_GENERATE_SYMBOLS = YES;
				SWIFT_APPROACHABLE_CONCURRENCY = YES;
				SWIFT_DEFAULT_ACTOR_ISOLATION = MainActor;
				SWIFT_EMIT_LOC_STRINGS = YES;
				SWIFT_UPCOMING_FEATURE_MEMBER_IMPORT_VISIBILITY = YES;
				SWIFT_VERSION = 5.0;
				TARGETED_DEVICE_FAMILY = "1,2";
			};
			name = Release;
		};
		6397FA182EAD48CB004DB9A4 /* Debug */ = {
			isa = XCBuildConfiguration;
			buildSettings = {
				ALWAYS_SEARCH_USER_PATHS = NO;
				ASSETCATALOG_COMPILER_GENERATE_SWIFT_ASSET_SYMBOL_EXTENSIONS = YES;
				CLANG_ANALYZER_NONNULL = YES;
				CLANG_ANALYZER_NUMBER_OBJECT_CONVERSION = YES_AGGRESSIVE;
				CLANG_CXX_LANGUAGE_STANDARD = "gnu++20";
				CLANG_ENABLE_MODULES = YES;
				CLANG_ENABLE_OBJC_ARC = YES;
				CLANG_ENABLE_OBJC_WEAK = YES;
				CLANG_WARN_BLOCK_CAPTURE_AUTORELEASING = YES;
				CLANG_WARN_BOOL_CONVERSION = YES;
				CLANG_WARN_COMMA = YES;
				CLANG_WARN_CONSTANT_CONVERSION = YES;
				CLANG_WARN_DEPRECATED_OBJC_IMPLEMENTATIONS = YES;
				CLANG_WARN_DIRECT_OBJC_ISA_USAGE = YES_ERROR;
				CLANG_WARN_DOCUMENTATION_COMMENTS = YES;
				CLANG_WARN_EMPTY_BODY = YES;
				CLANG_WARN_ENUM_CONVERSION = YES;
				CLANG_WARN_INFINITE_RECURSION = YES;
				CLANG_WARN_INT_CONVERSION = YES;
				CLANG_WARN_NON_LITERAL_NULL_CONVERSION = YES;
				CLANG_WARN_OBJC_IMPLICIT_RETAIN_SELF = YES;
				CLANG_WARN_OBJC_LITERAL_CONVERSION = YES;
				CLANG_WARN_OBJC_ROOT_CLASS = YES_ERROR;
				CLANG_WARN_QUOTED_INCLUDE_IN_FRAMEWORK_HEADER = YES;
				CLANG_WARN_RANGE_LOOP_ANALYSIS = YES;
				CLANG_WARN_STRICT_PROTOTYPES = YES;
				CLANG_WARN_SUSPICIOUS_MOVE = YES;
				CLANG_WARN_UNGUARDED_AVAILABILITY = YES_AGGRESSIVE;
				CLANG_WARN_UNREACHABLE_CODE = YES;
				CLANG_WARN__DUPLICATE_METHOD_MATCH = YES;
				COPY_PHASE_STRIP = NO;
				DEBUG_INFORMATION_FORMAT = dwarf;
				ENABLE_STRICT_OBJC_MSGSEND = YES;
				ENABLE_TESTABILITY = YES;
				ENABLE_USER_SCRIPT_SANDBOXING = YES;
				GCC_C_LANGUAGE_STANDARD = gnu17;
				GCC_DYNAMIC_NO_PIC = NO;
				GCC_NO_COMMON_BLOCKS = YES;
				GCC_OPTIMIZATION_LEVEL = 0;
				GCC_PREPROCESSOR_DEFINITIONS = (
					"DEBUG=1",
					"$(inherited)",
				);
				GCC_WARN_64_TO_32_BIT_CONVERSION = YES;
				GCC_WARN_ABOUT_RETURN_TYPE = YES_ERROR;
				GCC_WARN_UNDECLARED_SELECTOR = YES;
				GCC_WARN_UNINITIALIZED_AUTOS = YES_AGGRESSIVE;
				GCC_WARN_UNUSED_FUNCTION = YES;
				GCC_WARN_UNUSED_VARIABLE = YES;
				IPHONEOS_DEPLOYMENT_TARGET = 26.0;
				LOCALIZATION_PREFERS_STRING_CATALOGS = YES;
				MTL_ENABLE_DEBUG_INFO = INCLUDE_SOURCE;
				MTL_FAST_MATH = YES;
				ONLY_ACTIVE_ARCH = YES;
				SDKROOT = iphoneos;
				SWIFT_ACTIVE_COMPILATION_CONDITIONS = "DEBUG $(inherited)";
				SWIFT_OPTIMIZATION_LEVEL = "-Onone";
			};
			name = Debug;
		};
		6397FA192EAD48CB004DB9A4 /* Release */ = {
			isa = XCBuildConfiguration;
			buildSettings = {
				ALWAYS_SEARCH_USER_PATHS = NO;
				ASSETCATALOG_COMPILER_GENERATE_SWIFT_ASSET_SYMBOL_EXTENSIONS = YES;
				CLANG_ANALYZER_NONNULL = YES;
				CLANG_ANALYZER_NUMBER_OBJECT_CONVERSION = YES_AGGRESSIVE;
				CLANG_CXX_LANGUAGE_STANDARD = "gnu++20";
				CLANG_ENABLE_MODULES = YES;
				CLANG_ENABLE_OBJC_ARC = YES;
				CLANG_ENABLE_OBJC_WEAK = YES;
				CLANG_WARN_BLOCK_CAPTURE_AUTORELEASING = YES;
				CLANG_WARN_BOOL_CONVERSION = YES;
				CLANG_WARN_COMMA = YES;
				CLANG_WARN_CONSTANT_CONVERSION = YES;
				CLANG_WARN_DEPRECATED_OBJC_IMPLEMENTATIONS = YES;
				CLANG_WARN_DIRECT_OBJC_ISA_USAGE = YES_ERROR;
				CLANG_WARN_DOCUMENTATION_COMMENTS = YES;
				CLANG_WARN_EMPTY_BODY = YES;
				CLANG_WARN_ENUM_CONVERSION = YES;
				CLANG_WARN_INFINITE_RECURSION = YES;
				CLANG_WARN_INT_CONVERSION = YES;
				CLANG_WARN_NON_LITERAL_NULL_CONVERSION = YES;
				CLANG_WARN_OBJC_IMPLICIT_RETAIN_SELF = YES;
				CLANG_WARN_OBJC_LITERAL_CONVERSION = YES;
				CLANG_WARN_OBJC_ROOT_CLASS = YES_ERROR;
				CLANG_WARN_QUOTED_INCLUDE_IN_FRAMEWORK_HEADER = YES;
				CLANG_WARN_RANGE_LOOP_ANALYSIS = YES;
				CLANG_WARN_STRICT_PROTOTYPES = YES;
				CLANG_WARN_SUSPICIOUS_MOVE = YES;
				CLANG_WARN_UNGUARDED_AVAILABILITY = YES_AGGRESSIVE;
				CLANG_WARN_UNREACHABLE_CODE = YES;
				CLANG_WARN__DUPLICATE_METHOD_MATCH = YES;
				COPY_PHASE_STRIP = NO;
				DEBUG_INFORMATION_FORMAT = "dwarf-with-dsym";
				ENABLE_NS_ASSERTIONS = NO;
				ENABLE_STRICT_OBJC_MSGSEND = YES;
				ENABLE_USER_SCRIPT_SANDBOXING = YES;
				GCC_C_LANGUAGE_STANDARD = gnu17;
				GCC_NO_COMMON_BLOCKS = YES;
				GCC_WARN_64_TO_32_BIT_CONVERSION = YES;
				GCC_WARN_ABOUT_RETURN_TYPE = YES_ERROR;
				GCC_WARN_UNDECLARED_SELECTOR = YES;
				GCC_WARN_UNINITIALIZED_AUTOS = YES_AGGRESSIVE;
				GCC_WARN_UNUSED_FUNCTION = YES;
				GCC_WARN_UNUSED_VARIABLE = YES;
				IPHONEOS_DEPLOYMENT_TARGET = 26.0;
				LOCALIZATION_PREFERS_STRING_CATALOGS = YES;
				MTL_ENABLE_DEBUG_INFO = NO;
				MTL_FAST_MATH = YES;
				SDKROOT = iphoneos;
				SWIFT_COMPILATION_MODE = wholemodule;
				VALIDATE_PRODUCT = YES;
			};
			name = Release;
		};
/* End XCBuildConfiguration section */

/* Begin XCConfigurationList section */
		6397F9FD2EAD48C9004DB9A4 /* Build configuration list for PBXProject "Assignment22" */ = {
			isa = XCConfigurationList;
			buildConfigurations = (
				6397FA182EAD48CB004DB9A4 /* Debug */,
				6397FA192EAD48CB004DB9A4 /* Release */,
			);
			defaultConfigurationIsVisible = 0;
			defaultConfigurationName = Release;
		};
		6397FA152EAD48CB004DB9A4 /* Build configuration list for PBXNativeTarget "Assignment22" */ = {
			isa = XCConfigurationList;
			buildConfigurations = (
				6397FA162EAD48CB004DB9A4 /* Debug */,
				6397FA172EAD48CB004DB9A4 /* Release */,
			);
			defaultConfigurationIsVisible = 0;
			defaultConfigurationName = Release;
		};
/* End XCConfigurationList section */

/* Begin XCLocalSwiftPackageReference section */
		634837DA2EBEA08000A80661 /* XCLocalSwiftPackageReference "Modules/Networking" */ = {
			isa = XCLocalSwiftPackageReference;
			relativePath = Modules/Networking;
		};
		634837DD2EBEA09100A80661 /* XCLocalSwiftPackageReference "Modules/Countries" */ = {
			isa = XCLocalSwiftPackageReference;
			relativePath = Modules/Countries;
		};
		634837E02EBEA09E00A80661 /* XCLocalSwiftPackageReference "Modules/CommonUIComponents" */ = {
			isa = XCLocalSwiftPackageReference;
			relativePath = Modules/CommonUIComponents;
		};
/* End XCLocalSwiftPackageReference section */

/* Begin XCRemoteSwiftPackageReference section */
		6373A3EC2EBE6ABA00856159 /* XCRemoteSwiftPackageReference "TinyConstraints" */ = {
			isa = XCRemoteSwiftPackageReference;
			repositoryURL = "https://github.com/roberthein/TinyConstraints";
			requirement = {
				kind = upToNextMajorVersion;
				minimumVersion = 4.0.2;
			};
		};
/* End XCRemoteSwiftPackageReference section */

/* Begin XCSwiftPackageProductDependency section */
		634837D42EBE9EDA00A80661 /* Countries */ = {
			isa = XCSwiftPackageProductDependency;
			productName = Countries;
		};
		634837D62EBE9EE300A80661 /* CommonUIComponents */ = {
			isa = XCSwiftPackageProductDependency;
			productName = CommonUIComponents;
		};
		634837D82EBE9EEC00A80661 /* Networking */ = {
			isa = XCSwiftPackageProductDependency;
			productName = Networking;
		};
		634837DB2EBEA08000A80661 /* Networking */ = {
			isa = XCSwiftPackageProductDependency;
			productName = Networking;
		};
		634837DE2EBEA09100A80661 /* Countries */ = {
			isa = XCSwiftPackageProductDependency;
			productName = Countries;
		};
		634837E12EBEA09E00A80661 /* CommonUIComponents */ = {
			isa = XCSwiftPackageProductDependency;
			productName = CommonUIComponents;
		};
		6373A3ED2EBE6ABA00856159 /* TinyConstraints */ = {
			isa = XCSwiftPackageProductDependency;
			package = 6373A3EC2EBE6ABA00856159 /* XCRemoteSwiftPackageReference "TinyConstraints" */;
			productName = TinyConstraints;
		};
/* End XCSwiftPackageProductDependency section */
	};
	rootObject = 6397F9FA2EAD48C9004DB9A4 /* Project object */;
}
